
Microsoft Visual Studio Solution File, Format Version 12.00
# Visual Studio 2013
VisualStudioVersion = 12.0.21005.1
MinimumVisualStudioVersion = 10.0.40219.1
Project("{FAE04EC0-301F-11D3-BF4B-00C04F79EFBC}") = "MvcApplication1", "MvcApplication1\MvcApplication1.csproj", "{A65C38DF-A926-4FDC-BC70-1BA0F653C14A}"
EndProject
Global
	GlobalSection(SolutionConfigurationPlatforms) = preSolution
		Debug|Any CPU = Debug|Any CPU
		Release|Any CPU = Release|Any CPU
	EndGlobalSection
	GlobalSection(ProjectConfigurationPlatforms) = postSolution
		{A65C38DF-A926-4FDC-BC70-1BA0F653C14A}.Debug|Any CPU.ActiveCfg = Debug|Any CPU
		{A65C38DF-A926-4FDC-BC70-1BA0F653C14A}.Debug|Any CPU.Build.0 = Debug|Any CPU
		{A65C38DF-A926-4FDC-BC70-1BA0F653C14A}.Release|Any CPU.ActiveCfg = Release|Any CPU
		{A65C38DF-A926-4FDC-BC70-1BA0F653C14A}.Release|Any CPU.Build.0 = Release|Any CPU
	EndGlobalSection
	GlobalSection(SolutionProperties) = preSolution
		HideSolutionNode = FALSE
	EndGlobalSection
EndGlobal
